
Microsoft Visual Studio Solution File, Format Version 12.00
# Visual Studio Version 17
VisualStudioVersion = 17.14.36301.6 d17.14
MinimumVisualStudioVersion = 10.0.40219.1
Project("{C9674DCB-5085-4A16-B785-4C70DD1589BD}") = "mysqlTOcsv", "mysqlTOcsv\mysqlTOcsv.dtproj", "{8D0E6F57-7264-BE0B-2CE1-7E3EFA204B34}"
EndProject
Global
	GlobalSection(SolutionConfigurationPlatforms) = preSolution
		Development|Default = Development|Default
	EndGlobalSection
	GlobalSection(ProjectConfigurationPlatforms) = postSolution
		{8D0E6F57-7264-BE0B-2CE1-7E3EFA204B34}.Development|Default.ActiveCfg = Development
		{8D0E6F57-7264-BE0B-2CE1-7E3EFA204B34}.Development|Default.Build.0 = Development
	EndGlobalSection
	GlobalSection(SolutionProperties) = preSolution
		HideSolutionNode = FALSE
	EndGlobalSection
	GlobalSection(ExtensibilityGlobals) = postSolution
		SolutionGuid = {79BCBC34-1062-477F-B5D5-802B0D0ABB2B}
	EndGlobalSection
EndGlobal
